
Microsoft Visual Studio Solution File, Format Version 12.00
# Visual Studio Version 16
VisualStudioVersion = 16.0.29926.136
MinimumVisualStudioVersion = 10.0.40219.1
Project("{FAE04EC0-301F-11D3-BF4B-00C04F79EFBC}") = "Travelgenio.Services.Api", "Travelgenio.Services.Api\Travelgenio.Services.Api.csproj", "{5D59A93B-4675-41BF-AC8C-4CCA9F07E172}"
EndProject
Project("{FAE04EC0-301F-11D3-BF4B-00C04F79EFBC}") = "Travelgenio.BusinessLogic", "Travelgenio.BusinessLogic\Travelgenio.BusinessLogic.csproj", "{653887C3-E4EC-4670-AFFF-125457D807A6}"
EndProject
Project("{FAE04EC0-301F-11D3-BF4B-00C04F79EFBC}") = "Travelgenio.DataAccess", "Travelgenio.DataAccess\Travelgenio.DataAccess.csproj", "{CAA2FAB6-604B-48A7-9D14-40097BB2EC71}"
EndProject
Project("{FAE04EC0-301F-11D3-BF4B-00C04F79EFBC}") = "Travelgenio.Sdk", "Travelgenio.Sdk\Travelgenio.Sdk.csproj", "{70E2C892-CC95-4D66-964C-72B3E386D91B}"
EndProject
Project("{FAE04EC0-301F-11D3-BF4B-00C04F79EFBC}") = "Travelgenio.App", "Travelgenio.App\Travelgenio.App.csproj", "{B4A2247A-4854-445D-B19D-C00B44055257}"
EndProject
Global
	GlobalSection(SolutionConfigurationPlatforms) = preSolution
		Debug|Any CPU = Debug|Any CPU
		Release|Any CPU = Release|Any CPU
	EndGlobalSection
	GlobalSection(ProjectConfigurationPlatforms) = postSolution
		{5D59A93B-4675-41BF-AC8C-4CCA9F07E172}.Debug|Any CPU.ActiveCfg = Debug|Any CPU
		{5D59A93B-4675-41BF-AC8C-4CCA9F07E172}.Debug|Any CPU.Build.0 = Debug|Any CPU
		{5D59A93B-4675-41BF-AC8C-4CCA9F07E172}.Release|Any CPU.ActiveCfg = Release|Any CPU
		{5D59A93B-4675-41BF-AC8C-4CCA9F07E172}.Release|Any CPU.Build.0 = Release|Any CPU
		{653887C3-E4EC-4670-AFFF-125457D807A6}.Debug|Any CPU.ActiveCfg = Debug|Any CPU
		{653887C3-E4EC-4670-AFFF-125457D807A6}.Debug|Any CPU.Build.0 = Debug|Any CPU
		{653887C3-E4EC-4670-AFFF-125457D807A6}.Release|Any CPU.ActiveCfg = Release|Any CPU
		{653887C3-E4EC-4670-AFFF-125457D807A6}.Release|Any CPU.Build.0 = Release|Any CPU
		{CAA2FAB6-604B-48A7-9D14-40097BB2EC71}.Debug|Any CPU.ActiveCfg = Debug|Any CPU
		{CAA2FAB6-604B-48A7-9D14-40097BB2EC71}.Debug|Any CPU.Build.0 = Debug|Any CPU
		{CAA2FAB6-604B-48A7-9D14-40097BB2EC71}.Release|Any CPU.ActiveCfg = Release|Any CPU
		{CAA2FAB6-604B-48A7-9D14-40097BB2EC71}.Release|Any CPU.Build.0 = Release|Any CPU
		{70E2C892-CC95-4D66-964C-72B3E386D91B}.Debug|Any CPU.ActiveCfg = Debug|Any CPU
		{70E2C892-CC95-4D66-964C-72B3E386D91B}.Debug|Any CPU.Build.0 = Debug|Any CPU
		{70E2C892-CC95-4D66-964C-72B3E386D91B}.Release|Any CPU.ActiveCfg = Release|Any CPU
		{70E2C892-CC95-4D66-964C-72B3E386D91B}.Release|Any CPU.Build.0 = Release|Any CPU
		{B4A2247A-4854-445D-B19D-C00B44055257}.Debug|Any CPU.ActiveCfg = Debug|Any CPU
		{B4A2247A-4854-445D-B19D-C00B44055257}.Debug|Any CPU.Build.0 = Debug|Any CPU
		{B4A2247A-4854-445D-B19D-C00B44055257}.Release|Any CPU.ActiveCfg = Release|Any CPU
		{B4A2247A-4854-445D-B19D-C00B44055257}.Release|Any CPU.Build.0 = Release|Any CPU
	EndGlobalSection
	GlobalSection(SolutionProperties) = preSolution
		HideSolutionNode = FALSE
	EndGlobalSection
	GlobalSection(ExtensibilityGlobals) = postSolution
		SolutionGuid = {A4AAA613-2306-4234-AAE4-AD6A95E136A1}
	EndGlobalSection
EndGlobal
